
Microsoft Visual Studio Solution File, Format Version 12.00
# Visual Studio Version 16
VisualStudioVersion = 16.0.29519.181
MinimumVisualStudioVersion = 10.0.40219.1
Project("{FAE04EC0-301F-11D3-BF4B-00C04F79EFBC}") = "EntityFramework", "EntityFramework\EntityFramework.csproj", "{1367FFA9-86B3-40F3-8936-F02096D3CEE5}"
EndProject
Global
	GlobalSection(SolutionConfigurationPlatforms) = preSolution
		Debug|Any CPU = Debug|Any CPU
		Release|Any CPU = Release|Any CPU
	EndGlobalSection
	GlobalSection(ProjectConfigurationPlatforms) = postSolution
		{1367FFA9-86B3-40F3-8936-F02096D3CEE5}.Debug|Any CPU.ActiveCfg = Debug|Any CPU
		{1367FFA9-86B3-40F3-8936-F02096D3CEE5}.Debug|Any CPU.Build.0 = Debug|Any CPU
		{1367FFA9-86B3-40F3-8936-F02096D3CEE5}.Release|Any CPU.ActiveCfg = Release|Any CPU
		{1367FFA9-86B3-40F3-8936-F02096D3CEE5}.Release|Any CPU.Build.0 = Release|Any CPU
	EndGlobalSection
	GlobalSection(SolutionProperties) = preSolution
		HideSolutionNode = FALSE
	EndGlobalSection
	GlobalSection(ExtensibilityGlobals) = postSolution
		SolutionGuid = {D0943EE2-5FBC-4348-B501-EDC458E7D635}
	EndGlobalSection
EndGlobal
